
Microsoft Visual Studio Solution File, Format Version 12.00
# Visual Studio Version 17
VisualStudioVersion = 17.11.35222.181
MinimumVisualStudioVersion = 10.0.40219.1
Project("{FAE04EC0-301F-11D3-BF4B-00C04F79EFBC}") = "Slot3_DemoCodeFirst", "Slot3_DemoCodeFirst\Slot3_DemoCodeFirst.csproj", "{B3660A22-D0D3-4016-B751-B1292FAF3503}"
EndProject
Global
	GlobalSection(SolutionConfigurationPlatforms) = preSolution
		Debug|Any CPU = Debug|Any CPU
		Release|Any CPU = Release|Any CPU
	EndGlobalSection
	GlobalSection(ProjectConfigurationPlatforms) = postSolution
		{B3660A22-D0D3-4016-B751-B1292FAF3503}.Debug|Any CPU.ActiveCfg = Debug|Any CPU
		{B3660A22-D0D3-4016-B751-B1292FAF3503}.Debug|Any CPU.Build.0 = Debug|Any CPU
		{B3660A22-D0D3-4016-B751-B1292FAF3503}.Release|Any CPU.ActiveCfg = Release|Any CPU
		{B3660A22-D0D3-4016-B751-B1292FAF3503}.Release|Any CPU.Build.0 = Release|Any CPU
	EndGlobalSection
	GlobalSection(SolutionProperties) = preSolution
		HideSolutionNode = FALSE
	EndGlobalSection
	GlobalSection(ExtensibilityGlobals) = postSolution
		SolutionGuid = {2C03590C-9FD6-42BE-BB1C-38B070F98E73}
	EndGlobalSection
EndGlobal
